
Microsoft Visual Studio Solution File, Format Version 12.00
# Visual Studio 15
VisualStudioVersion = 15.0.27130.2036
MinimumVisualStudioVersion = 15.0.26124.0
Project("{9A19103F-16F7-4668-BE54-9A1E7A4F7556}") = "Songhay.Social.Models", "Songhay.Social.Models\Songhay.Social.Models.csproj", "{6ECE20FB-7BF5-440B-B638-4544AE686B43}"
EndProject
Project("{FAE04EC0-301F-11D3-BF4B-00C04F79EFBC}") = "Songhay.Social.ModelContext", "Songhay.Social.ModelContext\Songhay.Social.ModelContext.csproj", "{C2B8ED7F-069D-4672-AF09-F7C73DD1E03B}"
EndProject
Global
	GlobalSection(SolutionConfigurationPlatforms) = preSolution
		Debug|Any CPU = Debug|Any CPU
		Debug|x64 = Debug|x64
		Debug|x86 = Debug|x86
		Release|Any CPU = Release|Any CPU
		Release|x64 = Release|x64
		Release|x86 = Release|x86
	EndGlobalSection
	GlobalSection(ProjectConfigurationPlatforms) = postSolution
		{6ECE20FB-7BF5-440B-B638-4544AE686B43}.Debug|Any CPU.ActiveCfg = Debug|Any CPU
		{6ECE20FB-7BF5-440B-B638-4544AE686B43}.Debug|Any CPU.Build.0 = Debug|Any CPU
		{6ECE20FB-7BF5-440B-B638-4544AE686B43}.Debug|x64.ActiveCfg = Debug|Any CPU
		{6ECE20FB-7BF5-440B-B638-4544AE686B43}.Debug|x64.Build.0 = Debug|Any CPU
		{6ECE20FB-7BF5-440B-B638-4544AE686B43}.Debug|x86.ActiveCfg = Debug|Any CPU
		{6ECE20FB-7BF5-440B-B638-4544AE686B43}.Debug|x86.Build.0 = Debug|Any CPU
		{6ECE20FB-7BF5-440B-B638-4544AE686B43}.Release|Any CPU.ActiveCfg = Release|Any CPU
		{6ECE20FB-7BF5-440B-B638-4544AE686B43}.Release|Any CPU.Build.0 = Release|Any CPU
		{6ECE20FB-7BF5-440B-B638-4544AE686B43}.Release|x64.ActiveCfg = Release|Any CPU
		{6ECE20FB-7BF5-440B-B638-4544AE686B43}.Release|x64.Build.0 = Release|Any CPU
		{6ECE20FB-7BF5-440B-B638-4544AE686B43}.Release|x86.ActiveCfg = Release|Any CPU
		{6ECE20FB-7BF5-440B-B638-4544AE686B43}.Release|x86.Build.0 = Release|Any CPU
		{C2B8ED7F-069D-4672-AF09-F7C73DD1E03B}.Debug|Any CPU.ActiveCfg = Debug|Any CPU
		{C2B8ED7F-069D-4672-AF09-F7C73DD1E03B}.Debug|Any CPU.Build.0 = Debug|Any CPU
		{C2B8ED7F-069D-4672-AF09-F7C73DD1E03B}.Debug|x64.ActiveCfg = Debug|Any CPU
		{C2B8ED7F-069D-4672-AF09-F7C73DD1E03B}.Debug|x64.Build.0 = Debug|Any CPU
		{C2B8ED7F-069D-4672-AF09-F7C73DD1E03B}.Debug|x86.ActiveCfg = Debug|Any CPU
		{C2B8ED7F-069D-4672-AF09-F7C73DD1E03B}.Debug|x86.Build.0 = Debug|Any CPU
		{C2B8ED7F-069D-4672-AF09-F7C73DD1E03B}.Release|Any CPU.ActiveCfg = Release|Any CPU
		{C2B8ED7F-069D-4672-AF09-F7C73DD1E03B}.Release|Any CPU.Build.0 = Release|Any CPU
		{C2B8ED7F-069D-4672-AF09-F7C73DD1E03B}.Release|x64.ActiveCfg = Release|Any CPU
		{C2B8ED7F-069D-4672-AF09-F7C73DD1E03B}.Release|x64.Build.0 = Release|Any CPU
		{C2B8ED7F-069D-4672-AF09-F7C73DD1E03B}.Release|x86.ActiveCfg = Release|Any CPU
		{C2B8ED7F-069D-4672-AF09-F7C73DD1E03B}.Release|x86.Build.0 = Release|Any CPU
	EndGlobalSection
	GlobalSection(SolutionProperties) = preSolution
		HideSolutionNode = FALSE
	EndGlobalSection
	GlobalSection(ExtensibilityGlobals) = postSolution
		SolutionGuid = {8F46CB23-265A-4266-A38C-39CDFFE4E563}
	EndGlobalSection
EndGlobal
